{
  "originHash" : "dfbc9a87283540cd822e939185fdc903ce615a85d13cb8dd23ec1d4ba38a555c",
  "pins" : [
    {
      "identity" : "lintstudioui",
      "kind" : "remoteSourceControl",
      "location" : "https://github.com/Joseph-Cursio/LintStudioUI.git",
      "state" : {
        "revision" : "8ceccb7abf3355849b428f34410aa11919b93480",
        "version" : "1.2.0"
      }
    },
    {
      "identity" : "yams",
      "kind" : "remoteSourceControl",
      "location" : "https://github.com/jpsim/Yams.git",
      "state" : {
        "revision" : "deaf82e867fa2cbd3cd865978b079bfcf384ac28",
        "version" : "6.2.1"
      }
    }
  ],
  "version" : 3
}
