{
  "originHash" : "379bcdb612548340faac60a9ca70efe7c6728b65ee804d7b3ca4782061ed2d93",
  "pins" : [
    {
      "identity" : "lintstudioui",
      "kind" : "remoteSourceControl",
      "location" : "https://github.com/Joseph-Cursio/LintStudioUI.git",
      "state" : {
        "revision" : "2de257dcbda9935a83a7b93abf7a7ef3a5f08408",
        "version" : "1.4.0"
      }
    },
    {
      "identity" : "yams",
      "kind" : "remoteSourceControl",
      "location" : "https://github.com/jpsim/Yams.git",
      "state" : {
        "revision" : "deaf82e867fa2cbd3cd865978b079bfcf384ac28",
        "version" : "6.2.1"
      }
    }
  ],
  "version" : 3
}
